
Microsoft Visual Studio Solution File, Format Version 12.00
# Visual Studio 15
VisualStudioVersion = 15.0.26403.3
MinimumVisualStudioVersion = 10.0.40219.1
Project("{FAE04EC0-301F-11D3-BF4B-00C04F79EFBC}") = "LjCrawl", "LjCrawl\LjCrawl.csproj", "{6E0E52C1-C854-462D-9B2A-9363FB0CA023}"
EndProject
Project("{FAE04EC0-301F-11D3-BF4B-00C04F79EFBC}") = "Model", "Model\Model.csproj", "{488D5CAB-E232-49F4-A0BF-980CD9A27456}"
EndProject
Global
	GlobalSection(SolutionConfigurationPlatforms) = preSolution
		Debug|Any CPU = Debug|Any CPU
		Release|Any CPU = Release|Any CPU
	EndGlobalSection
	GlobalSection(ProjectConfigurationPlatforms) = postSolution
		{6E0E52C1-C854-462D-9B2A-9363FB0CA023}.Debug|Any CPU.ActiveCfg = Debug|Any CPU
		{6E0E52C1-C854-462D-9B2A-9363FB0CA023}.Debug|Any CPU.Build.0 = Debug|Any CPU
		{6E0E52C1-C854-462D-9B2A-9363FB0CA023}.Release|Any CPU.ActiveCfg = Release|Any CPU
		{6E0E52C1-C854-462D-9B2A-9363FB0CA023}.Release|Any CPU.Build.0 = Release|Any CPU
		{488D5CAB-E232-49F4-A0BF-980CD9A27456}.Debug|Any CPU.ActiveCfg = Debug|Any CPU
		{488D5CAB-E232-49F4-A0BF-980CD9A27456}.Debug|Any CPU.Build.0 = Debug|Any CPU
		{488D5CAB-E232-49F4-A0BF-980CD9A27456}.Release|Any CPU.ActiveCfg = Release|Any CPU
		{488D5CAB-E232-49F4-A0BF-980CD9A27456}.Release|Any CPU.Build.0 = Release|Any CPU
	EndGlobalSection
	GlobalSection(SolutionProperties) = preSolution
		HideSolutionNode = FALSE
	EndGlobalSection
EndGlobal
